
Microsoft Visual Studio Solution File, Format Version 12.00
# Visual Studio Version 17
VisualStudioVersion = 17.3.32811.315
MinimumVisualStudioVersion = 10.0.40219.1
Project("{FAE04EC0-301F-11D3-BF4B-00C04F79EFBC}") = "Buoi01", "LTDT\Buoi01.csproj", "{2BE1BB38-A618-428C-9221-7E11AC381FCC}"
EndProject
Project("{FAE04EC0-301F-11D3-BF4B-00C04F79EFBC}") = "Buoi02", "Buoi02\Buoi02.csproj", "{9F52FACA-670F-4211-95FD-61159D0B5957}"
EndProject
Project("{FAE04EC0-301F-11D3-BF4B-00C04F79EFBC}") = "Buoi03", "Buoi03\Buoi03.csproj", "{4DED6897-91FD-49AD-88B0-3BEB288F28EC}"
EndProject
Global
	GlobalSection(SolutionConfigurationPlatforms) = preSolution
		Debug|Any CPU = Debug|Any CPU
		Release|Any CPU = Release|Any CPU
	EndGlobalSection
	GlobalSection(ProjectConfigurationPlatforms) = postSolution
		{2BE1BB38-A618-428C-9221-7E11AC381FCC}.Debug|Any CPU.ActiveCfg = Debug|Any CPU
		{2BE1BB38-A618-428C-9221-7E11AC381FCC}.Debug|Any CPU.Build.0 = Debug|Any CPU
		{2BE1BB38-A618-428C-9221-7E11AC381FCC}.Release|Any CPU.ActiveCfg = Release|Any CPU
		{2BE1BB38-A618-428C-9221-7E11AC381FCC}.Release|Any CPU.Build.0 = Release|Any CPU
		{9F52FACA-670F-4211-95FD-61159D0B5957}.Debug|Any CPU.ActiveCfg = Debug|Any CPU
		{9F52FACA-670F-4211-95FD-61159D0B5957}.Debug|Any CPU.Build.0 = Debug|Any CPU
		{9F52FACA-670F-4211-95FD-61159D0B5957}.Release|Any CPU.ActiveCfg = Release|Any CPU
		{9F52FACA-670F-4211-95FD-61159D0B5957}.Release|Any CPU.Build.0 = Release|Any CPU
		{4DED6897-91FD-49AD-88B0-3BEB288F28EC}.Debug|Any CPU.ActiveCfg = Debug|Any CPU
		{4DED6897-91FD-49AD-88B0-3BEB288F28EC}.Debug|Any CPU.Build.0 = Debug|Any CPU
		{4DED6897-91FD-49AD-88B0-3BEB288F28EC}.Release|Any CPU.ActiveCfg = Release|Any CPU
		{4DED6897-91FD-49AD-88B0-3BEB288F28EC}.Release|Any CPU.Build.0 = Release|Any CPU
	EndGlobalSection
	GlobalSection(SolutionProperties) = preSolution
		HideSolutionNode = FALSE
	EndGlobalSection
	GlobalSection(ExtensibilityGlobals) = postSolution
		SolutionGuid = {B47266FF-8390-4684-9086-EA0637A889E4}
	EndGlobalSection
EndGlobal
